
Microsoft Visual Studio Solution File, Format Version 12.00
# Visual Studio Version 16
VisualStudioVersion = 16.0.30907.101
MinimumVisualStudioVersion = 10.0.40219.1
Project("{FAE04EC0-301F-11D3-BF4B-00C04F79EFBC}") = "LinqWithSets", "LinqWithSets.csproj", "{B2A5779B-3E53-4256-A1F0-237DE48390B2}"
EndProject
Global
	GlobalSection(SolutionConfigurationPlatforms) = preSolution
		Debug|Any CPU = Debug|Any CPU
		Release|Any CPU = Release|Any CPU
	EndGlobalSection
	GlobalSection(ProjectConfigurationPlatforms) = postSolution
		{B2A5779B-3E53-4256-A1F0-237DE48390B2}.Debug|Any CPU.ActiveCfg = Debug|Any CPU
		{B2A5779B-3E53-4256-A1F0-237DE48390B2}.Debug|Any CPU.Build.0 = Debug|Any CPU
		{B2A5779B-3E53-4256-A1F0-237DE48390B2}.Release|Any CPU.ActiveCfg = Release|Any CPU
		{B2A5779B-3E53-4256-A1F0-237DE48390B2}.Release|Any CPU.Build.0 = Release|Any CPU
	EndGlobalSection
	GlobalSection(SolutionProperties) = preSolution
		HideSolutionNode = FALSE
	EndGlobalSection
	GlobalSection(ExtensibilityGlobals) = postSolution
		SolutionGuid = {F51C281D-AA1D-42EF-B8E1-CA351617B1F6}
	EndGlobalSection
EndGlobal
