
Microsoft Visual Studio Solution File, Format Version 12.00
# Visual Studio Version 16
VisualStudioVersion = 16.0.30907.101
MinimumVisualStudioVersion = 10.0.40219.1
Project("{FAE04EC0-301F-11D3-BF4B-00C04F79EFBC}") = "LinqWithObjects", "LinqWithObjects.csproj", "{7FA92E21-F584-4657-8703-EBB82BEAE5CE}"
EndProject
Global
	GlobalSection(SolutionConfigurationPlatforms) = preSolution
		Debug|Any CPU = Debug|Any CPU
		Release|Any CPU = Release|Any CPU
	EndGlobalSection
	GlobalSection(ProjectConfigurationPlatforms) = postSolution
		{7FA92E21-F584-4657-8703-EBB82BEAE5CE}.Debug|Any CPU.ActiveCfg = Debug|Any CPU
		{7FA92E21-F584-4657-8703-EBB82BEAE5CE}.Debug|Any CPU.Build.0 = Debug|Any CPU
		{7FA92E21-F584-4657-8703-EBB82BEAE5CE}.Release|Any CPU.ActiveCfg = Release|Any CPU
		{7FA92E21-F584-4657-8703-EBB82BEAE5CE}.Release|Any CPU.Build.0 = Release|Any CPU
	EndGlobalSection
	GlobalSection(SolutionProperties) = preSolution
		HideSolutionNode = FALSE
	EndGlobalSection
	GlobalSection(ExtensibilityGlobals) = postSolution
		SolutionGuid = {0C6746EB-84E6-4893-BBCA-596A498E46E1}
	EndGlobalSection
EndGlobal
