
Microsoft Visual Studio Solution File, Format Version 12.00
# Visual Studio Version 16
VisualStudioVersion = 16.0.30907.101
MinimumVisualStudioVersion = 10.0.40219.1
Project("{FAE04EC0-301F-11D3-BF4B-00C04F79EFBC}") = "RZielinski Test Web Application1", "RZielinski Test Web Application1.csproj", "{0A03616D-3A62-4E5F-85B8-7D4C15651379}"
	ProjectSection(ProjectDependencies) = postProject
		{F367330B-1C43-4AEF-8749-8A101EBEA4C6} = {F367330B-1C43-4AEF-8749-8A101EBEA4C6}
		{AF766C87-977B-4111-8CCA-D3C005D76BEF} = {AF766C87-977B-4111-8CCA-D3C005D76BEF}
	EndProjectSection
EndProject
Project("{9A19103F-16F7-4668-BE54-9A1E7A4F7556}") = "NorthwindEntitiesLib", "NorthwindEntitiesLib\NorthwindEntitiesLib.csproj", "{F367330B-1C43-4AEF-8749-8A101EBEA4C6}"
EndProject
Project("{9A19103F-16F7-4668-BE54-9A1E7A4F7556}") = "NorthwindContextLib", "NorthwindContextLib\NorthwindContextLib.csproj", "{AF766C87-977B-4111-8CCA-D3C005D76BEF}"
EndProject
Global
	GlobalSection(SolutionConfigurationPlatforms) = preSolution
		Debug|Any CPU = Debug|Any CPU
		Release|Any CPU = Release|Any CPU
	EndGlobalSection
	GlobalSection(ProjectConfigurationPlatforms) = postSolution
		{0A03616D-3A62-4E5F-85B8-7D4C15651379}.Debug|Any CPU.ActiveCfg = Debug|Any CPU
		{0A03616D-3A62-4E5F-85B8-7D4C15651379}.Debug|Any CPU.Build.0 = Debug|Any CPU
		{0A03616D-3A62-4E5F-85B8-7D4C15651379}.Release|Any CPU.ActiveCfg = Release|Any CPU
		{0A03616D-3A62-4E5F-85B8-7D4C15651379}.Release|Any CPU.Build.0 = Release|Any CPU
		{F367330B-1C43-4AEF-8749-8A101EBEA4C6}.Debug|Any CPU.ActiveCfg = Debug|Any CPU
		{F367330B-1C43-4AEF-8749-8A101EBEA4C6}.Debug|Any CPU.Build.0 = Debug|Any CPU
		{F367330B-1C43-4AEF-8749-8A101EBEA4C6}.Release|Any CPU.ActiveCfg = Release|Any CPU
		{F367330B-1C43-4AEF-8749-8A101EBEA4C6}.Release|Any CPU.Build.0 = Release|Any CPU
		{AF766C87-977B-4111-8CCA-D3C005D76BEF}.Debug|Any CPU.ActiveCfg = Debug|Any CPU
		{AF766C87-977B-4111-8CCA-D3C005D76BEF}.Debug|Any CPU.Build.0 = Debug|Any CPU
		{AF766C87-977B-4111-8CCA-D3C005D76BEF}.Release|Any CPU.ActiveCfg = Release|Any CPU
		{AF766C87-977B-4111-8CCA-D3C005D76BEF}.Release|Any CPU.Build.0 = Release|Any CPU
	EndGlobalSection
	GlobalSection(SolutionProperties) = preSolution
		HideSolutionNode = FALSE
	EndGlobalSection
	GlobalSection(ExtensibilityGlobals) = postSolution
		SolutionGuid = {C700FF77-AEA9-4D39-824C-77444E961745}
	EndGlobalSection
EndGlobal
